
Microsoft Visual Studio Solution File, Format Version 12.00
Project("{FAE04EC0-301F-11D3-BF4B-00C04F79EFBC}") = "FiguresAreaCalculator", "FiguresAreaCalculator\FiguresAreaCalculator.csproj", "{3FEB21CD-C0D3-4DFC-ADB8-F1D095194083}"
EndProject
Project("{FAE04EC0-301F-11D3-BF4B-00C04F79EFBC}") = "FiguresAreaCalculatorTests", "FiguresAreaCalculatorTests\FiguresAreaCalculatorTests.csproj", "{C8C3332A-A6D0-44C8-A66E-0C928F1D9FD0}"
EndProject
Global
	GlobalSection(SolutionConfigurationPlatforms) = preSolution
		Debug|Any CPU = Debug|Any CPU
		Release|Any CPU = Release|Any CPU
	EndGlobalSection
	GlobalSection(ProjectConfigurationPlatforms) = postSolution
		{3FEB21CD-C0D3-4DFC-ADB8-F1D095194083}.Debug|Any CPU.ActiveCfg = Debug|Any CPU
		{3FEB21CD-C0D3-4DFC-ADB8-F1D095194083}.Debug|Any CPU.Build.0 = Debug|Any CPU
		{3FEB21CD-C0D3-4DFC-ADB8-F1D095194083}.Release|Any CPU.ActiveCfg = Release|Any CPU
		{3FEB21CD-C0D3-4DFC-ADB8-F1D095194083}.Release|Any CPU.Build.0 = Release|Any CPU
		{C8C3332A-A6D0-44C8-A66E-0C928F1D9FD0}.Debug|Any CPU.ActiveCfg = Debug|Any CPU
		{C8C3332A-A6D0-44C8-A66E-0C928F1D9FD0}.Debug|Any CPU.Build.0 = Debug|Any CPU
		{C8C3332A-A6D0-44C8-A66E-0C928F1D9FD0}.Release|Any CPU.ActiveCfg = Release|Any CPU
		{C8C3332A-A6D0-44C8-A66E-0C928F1D9FD0}.Release|Any CPU.Build.0 = Release|Any CPU
	EndGlobalSection
EndGlobal
